
Microsoft Visual Studio Solution File, Format Version 12.00
# Visual Studio 15
VisualStudioVersion = 15.0.26430.14
MinimumVisualStudioVersion = 10.0.40219.1
Project("{FAE04EC0-301F-11D3-BF4B-00C04F79EFBC}") = "Generics and collections", "Generics and collections\Generics and collections.csproj", "{86F319F1-282C-42FE-B48D-4DAE00887460}"
EndProject
Project("{FAE04EC0-301F-11D3-BF4B-00C04F79EFBC}") = "Generics and collectionsTests", "Generics and collectionsTests\Generics and collectionsTests.csproj", "{A96C5989-45F9-4011-9C41-0D7B2D2AA870}"
EndProject
Global
	GlobalSection(SolutionConfigurationPlatforms) = preSolution
		Debug|Any CPU = Debug|Any CPU
		Release|Any CPU = Release|Any CPU
	EndGlobalSection
	GlobalSection(ProjectConfigurationPlatforms) = postSolution
		{86F319F1-282C-42FE-B48D-4DAE00887460}.Debug|Any CPU.ActiveCfg = Debug|Any CPU
		{86F319F1-282C-42FE-B48D-4DAE00887460}.Debug|Any CPU.Build.0 = Debug|Any CPU
		{86F319F1-282C-42FE-B48D-4DAE00887460}.Release|Any CPU.ActiveCfg = Release|Any CPU
		{86F319F1-282C-42FE-B48D-4DAE00887460}.Release|Any CPU.Build.0 = Release|Any CPU
		{A96C5989-45F9-4011-9C41-0D7B2D2AA870}.Debug|Any CPU.ActiveCfg = Debug|Any CPU
		{A96C5989-45F9-4011-9C41-0D7B2D2AA870}.Debug|Any CPU.Build.0 = Debug|Any CPU
		{A96C5989-45F9-4011-9C41-0D7B2D2AA870}.Release|Any CPU.ActiveCfg = Release|Any CPU
		{A96C5989-45F9-4011-9C41-0D7B2D2AA870}.Release|Any CPU.Build.0 = Release|Any CPU
	EndGlobalSection
	GlobalSection(SolutionProperties) = preSolution
		HideSolutionNode = FALSE
	EndGlobalSection
EndGlobal
